
Microsoft Visual Studio Solution File, Format Version 12.00
# Visual Studio Version 16
VisualStudioVersion = 25.0.1706.8
MinimumVisualStudioVersion = 10.0.40219.1
Project("{FAE04EC0-301F-11D3-BF4B-00C04F79EFBC}") = "BPMeasurement", "BPMeasurement\BPMeasurement.csproj", "{893DB7D2-953E-4883-B362-A37B07C19DFF}"
EndProject
Global
	GlobalSection(SolutionConfigurationPlatforms) = preSolution
		Debug|Any CPU = Debug|Any CPU
		Release|Any CPU = Release|Any CPU
	EndGlobalSection
	GlobalSection(ProjectConfigurationPlatforms) = postSolution
		{893DB7D2-953E-4883-B362-A37B07C19DFF}.Debug|Any CPU.ActiveCfg = Debug|Any CPU
		{893DB7D2-953E-4883-B362-A37B07C19DFF}.Debug|Any CPU.Build.0 = Debug|Any CPU
		{893DB7D2-953E-4883-B362-A37B07C19DFF}.Release|Any CPU.ActiveCfg = Release|Any CPU
		{893DB7D2-953E-4883-B362-A37B07C19DFF}.Release|Any CPU.Build.0 = Release|Any CPU
	EndGlobalSection
	GlobalSection(SolutionProperties) = preSolution
		HideSolutionNode = FALSE
	EndGlobalSection
	GlobalSection(ExtensibilityGlobals) = postSolution
		SolutionGuid = {B297CF3B-2D94-4843-A702-003437F98CA5}
	EndGlobalSection
EndGlobal
